
Microsoft Visual Studio Solution File, Format Version 12.00
# Visual Studio 15
Project("{FAE04EC0-301F-11D3-BF4B-00C04F79EFBC}") = "Assembly-CSharp", "Assembly-CSharp.csproj", "{B156FC61-4BD4-756E-45F3-34023582B64E}"
EndProject
Global
	GlobalSection(SolutionConfigurationPlatforms) = preSolution
		Debug|Any CPU = Debug|Any CPU
		Release|Any CPU = Release|Any CPU
	EndGlobalSection
	GlobalSection(ProjectConfigurationPlatforms) = postSolution
		{B156FC61-4BD4-756E-45F3-34023582B64E}.Debug|Any CPU.ActiveCfg = Debug|Any CPU
		{B156FC61-4BD4-756E-45F3-34023582B64E}.Debug|Any CPU.Build.0 = Debug|Any CPU
		{B156FC61-4BD4-756E-45F3-34023582B64E}.Release|Any CPU.ActiveCfg = Release|Any CPU
		{B156FC61-4BD4-756E-45F3-34023582B64E}.Release|Any CPU.Build.0 = Release|Any CPU
	EndGlobalSection
	GlobalSection(SolutionProperties) = preSolution
		HideSolutionNode = FALSE
	EndGlobalSection
EndGlobal
